{
  "originHash" : "c22d9544285aab5f3a971c9160786977b4b2e1f63440cba38363cdd2a752847e",
  "pins" : [
    {
      "identity" : "mobile-sdk-cdp-ios",
      "kind" : "remoteSourceControl",
      "location" : "https://github.com/salesforce-marketingcloud/mobile-sdk-cdp-ios",
      "state" : {
        "revision" : "fc2ced25bbcc9746cb1d74e8488273f77ff29b20",
        "version" : "2.0.4"
      }
    },
    {
      "identity" : "sfmc-sdk-ios",
      "kind" : "remoteSourceControl",
      "location" : "https://github.com/salesforce-marketingcloud/sfmc-sdk-ios",
      "state" : {
        "revision" : "526530898db36eb3974fe191f100392e7afaa242",
        "version" : "1.1.3"
      }
    },
    {
      "identity" : "swift-package-inappmessaging",
      "kind" : "remoteSourceControl",
      "location" : "https://github.com/Salesforce-Async-Messaging/Swift-Package-InAppMessaging",
      "state" : {
        "revision" : "52f23fefddd9d9021ff202ebd4a60ede0f0aa434",
        "version" : "1.7.0"
      }
    }
  ],
  "version" : 3
}
