// !$*UTF8*$!
{
	archiveVersion = 1;
	classes = {
	};
	objectVersion = 77;
	objects = {

/* Begin PBXBuildFile section */
		E63CE4792CEAFBE800349FF6 /* Cdp in Frameworks */ = {isa = PBXBuildFile; productRef = E63CE4782CEAFBE800349FF6 /* Cdp */; };
		E63CE47B2CEAFBED00349FF6 /* SFMCSDK in Frameworks */ = {isa = PBXBuildFile; productRef = E63CE47A2CEAFBED00349FF6 /* SFMCSDK */; };
/* End PBXBuildFile section */

/* Begin PBXContainerItemProxy section */
		E637D9D02CC94D1E00B693ED /* PBXContainerItemProxy */ = {
			isa = PBXContainerItemProxy;
			containerPortal = E637D9B72CC94D1C00B693ED /* Project object */;
			proxyType = 1;
			remoteGlobalIDString = E637D9BE2CC94D1C00B693ED;
			remoteInfo = AcmeDigitalStore;
		};
		E637D9DA2CC94D1E00B693ED /* PBXContainerItemProxy */ = {
			isa = PBXContainerItemProxy;
			containerPortal = E637D9B72CC94D1C00B693ED /* Project object */;
			proxyType = 1;
			remoteGlobalIDString = E637D9BE2CC94D1C00B693ED;
			remoteInfo = AcmeDigitalStore;
		};
/* End PBXContainerItemProxy section */

/* Begin PBXFileReference section */
		E637D9BF2CC94D1C00B693ED /* AcmeDigitalStore.app */ = {isa = PBXFileReference; explicitFileType = wrapper.application; includeInIndex = 0; path = AcmeDigitalStore.app; sourceTree = BUILT_PRODUCTS_DIR; };
		E637D9CF2CC94D1E00B693ED /* AcmeDigitalStoreTests.xctest */ = {isa = PBXFileReference; explicitFileType = wrapper.cfbundle; includeInIndex = 0; path = AcmeDigitalStoreTests.xctest; sourceTree = BUILT_PRODUCTS_DIR; };
		E637D9D92CC94D1E00B693ED /* AcmeDigitalStoreUITests.xctest */ = {isa = PBXFileReference; explicitFileType = wrapper.cfbundle; includeInIndex = 0; path = AcmeDigitalStoreUITests.xctest; sourceTree = BUILT_PRODUCTS_DIR; };
/* End PBXFileReference section */

/* Begin PBXFileSystemSynchronizedBuildFileExceptionSet section */
		E622AFB32CEBFA43009F9285 /* Exceptions for "AcmeDigitalStore" folder in "AcmeDigitalStore" target */ = {
			isa = PBXFileSystemSynchronizedBuildFileExceptionSet;
			membershipExceptions = (
				Info.plist,
			);
			target = E637D9BE2CC94D1C00B693ED /* AcmeDigitalStore */;
		};
/* End PBXFileSystemSynchronizedBuildFileExceptionSet section */

/* Begin PBXFileSystemSynchronizedRootGroup section */
		E637D9C12CC94D1C00B693ED /* AcmeDigitalStore */ = {
			isa = PBXFileSystemSynchronizedRootGroup;
			exceptions = (
				E622AFB32CEBFA43009F9285 /* Exceptions for "AcmeDigitalStore" folder in "AcmeDigitalStore" target */,
			);
			path = AcmeDigitalStore;
			sourceTree = "<group>";
		};
		E637D9D22CC94D1E00B693ED /* AcmeDigitalStoreTests */ = {
			isa = PBXFileSystemSynchronizedRootGroup;
			path = AcmeDigitalStoreTests;
			sourceTree = "<group>";
		};
		E637D9DC2CC94D1E00B693ED /* AcmeDigitalStoreUITests */ = {
			isa = PBXFileSystemSynchronizedRootGroup;
			path = AcmeDigitalStoreUITests;
			sourceTree = "<group>";
		};
/* End PBXFileSystemSynchronizedRootGroup section */

/* Begin PBXFrameworksBuildPhase section */
		E637D9BC2CC94D1C00B693ED /* Frameworks */ = {
			isa = PBXFrameworksBuildPhase;
			buildActionMask = 2147483647;
			files = (
				E63CE47B2CEAFBED00349FF6 /* SFMCSDK in Frameworks */,
				E63CE4792CEAFBE800349FF6 /* Cdp in Frameworks */,
			);
			runOnlyForDeploymentPostprocessing = 0;
		};
		E637D9CC2CC94D1E00B693ED /* Frameworks */ = {
			isa = PBXFrameworksBuildPhase;
			buildActionMask = 2147483647;
			files = (
			);
			runOnlyForDeploymentPostprocessing = 0;
		};
		E637D9D62CC94D1E00B693ED /* Frameworks */ = {
			isa = PBXFrameworksBuildPhase;
			buildActionMask = 2147483647;
			files = (
			);
			runOnlyForDeploymentPostprocessing = 0;
		};
/* End PBXFrameworksBuildPhase section */

/* Begin PBXGroup section */
		E637D9B62CC94D1C00B693ED = {
			isa = PBXGroup;
			children = (
				E637D9C12CC94D1C00B693ED /* AcmeDigitalStore */,
				E637D9D22CC94D1E00B693ED /* AcmeDigitalStoreTests */,
				E637D9DC2CC94D1E00B693ED /* AcmeDigitalStoreUITests */,
				E63CE4772CEAFBE800349FF6 /* Frameworks */,
				E637D9C02CC94D1C00B693ED /* Products */,
			);
			sourceTree = "<group>";
		};
		E637D9C02CC94D1C00B693ED /* Products */ = {
			isa = PBXGroup;
			children = (
				E637D9BF2CC94D1C00B693ED /* AcmeDigitalStore.app */,
				E637D9CF2CC94D1E00B693ED /* AcmeDigitalStoreTests.xctest */,
				E637D9D92CC94D1E00B693ED /* AcmeDigitalStoreUITests.xctest */,
			);
			name = Products;
			sourceTree = "<group>";
		};
		E63CE4772CEAFBE800349FF6 /* Frameworks */ = {
			isa = PBXGroup;
			children = (
			);
			name = Frameworks;
			sourceTree = "<group>";
		};
/* End PBXGroup section */

/* Begin PBXNativeTarget section */
		E637D9BE2CC94D1C00B693ED /* AcmeDigitalStore */ = {
			isa = PBXNativeTarget;
			buildConfigurationList = E637D9E32CC94D1E00B693ED /* Build configuration list for PBXNativeTarget "AcmeDigitalStore" */;
			buildPhases = (
				E637D9BB2CC94D1C00B693ED /* Sources */,
				E637D9BC2CC94D1C00B693ED /* Frameworks */,
				E637D9BD2CC94D1C00B693ED /* Resources */,
			);
			buildRules = (
			);
			dependencies = (
			);
			fileSystemSynchronizedGroups = (
				E637D9C12CC94D1C00B693ED /* AcmeDigitalStore */,
			);
			name = AcmeDigitalStore;
			packageProductDependencies = (
				E63CE4782CEAFBE800349FF6 /* Cdp */,
				E63CE47A2CEAFBED00349FF6 /* SFMCSDK */,
			);
			productName = AcmeDigitalStore;
			productReference = E637D9BF2CC94D1C00B693ED /* AcmeDigitalStore.app */;
			productType = "com.apple.product-type.application";
		};
		E637D9CE2CC94D1E00B693ED /* AcmeDigitalStoreTests */ = {
			isa = PBXNativeTarget;
			buildConfigurationList = E637D9E62CC94D1E00B693ED /* Build configuration list for PBXNativeTarget "AcmeDigitalStoreTests" */;
			buildPhases = (
				E637D9CB2CC94D1E00B693ED /* Sources */,
				E637D9CC2CC94D1E00B693ED /* Frameworks */,
				E637D9CD2CC94D1E00B693ED /* Resources */,
			);
			buildRules = (
			);
			dependencies = (
				E637D9D12CC94D1E00B693ED /* PBXTargetDependency */,
			);
			fileSystemSynchronizedGroups = (
				E637D9D22CC94D1E00B693ED /* AcmeDigitalStoreTests */,
			);
			name = AcmeDigitalStoreTests;
			packageProductDependencies = (
			);
			productName = AcmeDigitalStoreTests;
			productReference = E637D9CF2CC94D1E00B693ED /* AcmeDigitalStoreTests.xctest */;
			productType = "com.apple.product-type.bundle.unit-test";
		};
		E637D9D82CC94D1E00B693ED /* AcmeDigitalStoreUITests */ = {
			isa = PBXNativeTarget;
			buildConfigurationList = E637D9E92CC94D1E00B693ED /* Build configuration list for PBXNativeTarget "AcmeDigitalStoreUITests" */;
			buildPhases = (
				E637D9D52CC94D1E00B693ED /* Sources */,
				E637D9D62CC94D1E00B693ED /* Frameworks */,
				E637D9D72CC94D1E00B693ED /* Resources */,
			);
			buildRules = (
			);
			dependencies = (
				E637D9DB2CC94D1E00B693ED /* PBXTargetDependency */,
			);
			fileSystemSynchronizedGroups = (
				E637D9DC2CC94D1E00B693ED /* AcmeDigitalStoreUITests */,
			);
			name = AcmeDigitalStoreUITests;
			packageProductDependencies = (
			);
			productName = AcmeDigitalStoreUITests;
			productReference = E637D9D92CC94D1E00B693ED /* AcmeDigitalStoreUITests.xctest */;
			productType = "com.apple.product-type.bundle.ui-testing";
		};
/* End PBXNativeTarget section */

/* Begin PBXProject section */
		E637D9B72CC94D1C00B693ED /* Project object */ = {
			isa = PBXProject;
			attributes = {
				BuildIndependentTargetsInParallel = 1;
				LastSwiftUpdateCheck = 1600;
				LastUpgradeCheck = 1600;
				TargetAttributes = {
					E637D9BE2CC94D1C00B693ED = {
						CreatedOnToolsVersion = 16.0;
					};
					E637D9CE2CC94D1E00B693ED = {
						CreatedOnToolsVersion = 16.0;
						TestTargetID = E637D9BE2CC94D1C00B693ED;
					};
					E637D9D82CC94D1E00B693ED = {
						CreatedOnToolsVersion = 16.0;
						TestTargetID = E637D9BE2CC94D1C00B693ED;
					};
				};
			};
			buildConfigurationList = E637D9BA2CC94D1C00B693ED /* Build configuration list for PBXProject "AcmeDigitalStore" */;
			developmentRegion = en;
			hasScannedForEncodings = 0;
			knownRegions = (
				en,
				Base,
			);
			mainGroup = E637D9B62CC94D1C00B693ED;
			minimizedProjectReferenceProxies = 1;
			packageReferences = (
				E637DA2E2CC9F7A500B693ED /* XCRemoteSwiftPackageReference "sfmc-sdk-ios" */,
				E637DA2F2CC9F7CA00B693ED /* XCRemoteSwiftPackageReference "mobile-sdk-cdp-ios" */,
			);
			preferredProjectObjectVersion = 77;
			productRefGroup = E637D9C02CC94D1C00B693ED /* Products */;
			projectDirPath = "";
			projectRoot = "";
			targets = (
				E637D9BE2CC94D1C00B693ED /* AcmeDigitalStore */,
				E637D9CE2CC94D1E00B693ED /* AcmeDigitalStoreTests */,
				E637D9D82CC94D1E00B693ED /* AcmeDigitalStoreUITests */,
			);
		};
/* End PBXProject section */

/* Begin PBXResourcesBuildPhase section */
		E637D9BD2CC94D1C00B693ED /* Resources */ = {
			isa = PBXResourcesBuildPhase;
			buildActionMask = 2147483647;
			files = (
			);
			runOnlyForDeploymentPostprocessing = 0;
		};
		E637D9CD2CC94D1E00B693ED /* Resources */ = {
			isa = PBXResourcesBuildPhase;
			buildActionMask = 2147483647;
			files = (
			);
			runOnlyForDeploymentPostprocessing = 0;
		};
		E637D9D72CC94D1E00B693ED /* Resources */ = {
			isa = PBXResourcesBuildPhase;
			buildActionMask = 2147483647;
			files = (
			);
			runOnlyForDeploymentPostprocessing = 0;
		};
/* End PBXResourcesBuildPhase section */

/* Begin PBXSourcesBuildPhase section */
		E637D9BB2CC94D1C00B693ED /* Sources */ = {
			isa = PBXSourcesBuildPhase;
			buildActionMask = 2147483647;
			files = (
			);
			runOnlyForDeploymentPostprocessing = 0;
		};
		E637D9CB2CC94D1E00B693ED /* Sources */ = {
			isa = PBXSourcesBuildPhase;
			buildActionMask = 2147483647;
			files = (
			);
			runOnlyForDeploymentPostprocessing = 0;
		};
		E637D9D52CC94D1E00B693ED /* Sources */ = {
			isa = PBXSourcesBuildPhase;
			buildActionMask = 2147483647;
			files = (
			);
			runOnlyForDeploymentPostprocessing = 0;
		};
/* End PBXSourcesBuildPhase section */

/* Begin PBXTargetDependency section */
		E637D9D12CC94D1E00B693ED /* PBXTargetDependency */ = {
			isa = PBXTargetDependency;
			target = E637D9BE2CC94D1C00B693ED /* AcmeDigitalStore */;
			targetProxy = E637D9D02CC94D1E00B693ED /* PBXContainerItemProxy */;
		};
		E637D9DB2CC94D1E00B693ED /* PBXTargetDependency */ = {
			isa = PBXTargetDependency;
			target = E637D9BE2CC94D1C00B693ED /* AcmeDigitalStore */;
			targetProxy = E637D9DA2CC94D1E00B693ED /* PBXContainerItemProxy */;
		};
/* End PBXTargetDependency section */

/* Begin XCBuildConfiguration section */
		E637D9E12CC94D1E00B693ED /* Debug */ = {
			isa = XCBuildConfiguration;
			buildSettings = {
				ALWAYS_SEARCH_USER_PATHS = NO;
				ASSETCATALOG_COMPILER_GENERATE_SWIFT_ASSET_SYMBOL_EXTENSIONS = YES;
				CLANG_ANALYZER_NONNULL = YES;
				CLANG_ANALYZER_NUMBER_OBJECT_CONVERSION = YES_AGGRESSIVE;
				CLANG_CXX_LANGUAGE_STANDARD = "gnu++20";
				CLANG_ENABLE_MODULES = YES;
				CLANG_ENABLE_OBJC_ARC = YES;
				CLANG_ENABLE_OBJC_WEAK = YES;
				CLANG_WARN_BLOCK_CAPTURE_AUTORELEASING = YES;
				CLANG_WARN_BOOL_CONVERSION = YES;
				CLANG_WARN_COMMA = YES;
				CLANG_WARN_CONSTANT_CONVERSION = YES;
				CLANG_WARN_DEPRECATED_OBJC_IMPLEMENTATIONS = YES;
				CLANG_WARN_DIRECT_OBJC_ISA_USAGE = YES_ERROR;
				CLANG_WARN_DOCUMENTATION_COMMENTS = YES;
				CLANG_WARN_EMPTY_BODY = YES;
				CLANG_WARN_ENUM_CONVERSION = YES;
				CLANG_WARN_INFINITE_RECURSION = YES;
				CLANG_WARN_INT_CONVERSION = YES;
				CLANG_WARN_NON_LITERAL_NULL_CONVERSION = YES;
				CLANG_WARN_OBJC_IMPLICIT_RETAIN_SELF = YES;
				CLANG_WARN_OBJC_LITERAL_CONVERSION = YES;
				CLANG_WARN_OBJC_ROOT_CLASS = YES_ERROR;
				CLANG_WARN_QUOTED_INCLUDE_IN_FRAMEWORK_HEADER = YES;
				CLANG_WARN_RANGE_LOOP_ANALYSIS = YES;
				CLANG_WARN_STRICT_PROTOTYPES = YES;
				CLANG_WARN_SUSPICIOUS_MOVE = YES;
				CLANG_WARN_UNGUARDED_AVAILABILITY = YES_AGGRESSIVE;
				CLANG_WARN_UNREACHABLE_CODE = YES;
				CLANG_WARN__DUPLICATE_METHOD_MATCH = YES;
				COPY_PHASE_STRIP = NO;
				DEBUG_INFORMATION_FORMAT = dwarf;
				ENABLE_STRICT_OBJC_MSGSEND = YES;
				ENABLE_TESTABILITY = YES;
				ENABLE_USER_SCRIPT_SANDBOXING = YES;
				GCC_C_LANGUAGE_STANDARD = gnu17;
				GCC_DYNAMIC_NO_PIC = NO;
				GCC_NO_COMMON_BLOCKS = YES;
				GCC_OPTIMIZATION_LEVEL = 0;
				GCC_PREPROCESSOR_DEFINITIONS = (
					"DEBUG=1",
					"$(inherited)",
				);
				GCC_WARN_64_TO_32_BIT_CONVERSION = YES;
				GCC_WARN_ABOUT_RETURN_TYPE = YES_ERROR;
				GCC_WARN_UNDECLARED_SELECTOR = YES;
				GCC_WARN_UNINITIALIZED_AUTOS = YES_AGGRESSIVE;
				GCC_WARN_UNUSED_FUNCTION = YES;
				GCC_WARN_UNUSED_VARIABLE = YES;
				IPHONEOS_DEPLOYMENT_TARGET = 18.0;
				LOCALIZATION_PREFERS_STRING_CATALOGS = YES;
				MTL_ENABLE_DEBUG_INFO = INCLUDE_SOURCE;
				MTL_FAST_MATH = YES;
				ONLY_ACTIVE_ARCH = YES;
				SDKROOT = iphoneos;
				SWIFT_ACTIVE_COMPILATION_CONDITIONS = "DEBUG $(inherited)";
				SWIFT_OPTIMIZATION_LEVEL = "-Onone";
			};
			name = Debug;
		};
		E637D9E22CC94D1E00B693ED /* Release */ = {
			isa = XCBuildConfiguration;
			buildSettings = {
				ALWAYS_SEARCH_USER_PATHS = NO;
				ASSETCATALOG_COMPILER_GENERATE_SWIFT_ASSET_SYMBOL_EXTENSIONS = YES;
				CLANG_ANALYZER_NONNULL = YES;
				CLANG_ANALYZER_NUMBER_OBJECT_CONVERSION = YES_AGGRESSIVE;
				CLANG_CXX_LANGUAGE_STANDARD = "gnu++20";
				CLANG_ENABLE_MODULES = YES;
				CLANG_ENABLE_OBJC_ARC = YES;
				CLANG_ENABLE_OBJC_WEAK = YES;
				CLANG_WARN_BLOCK_CAPTURE_AUTORELEASING = YES;
				CLANG_WARN_BOOL_CONVERSION = YES;
				CLANG_WARN_COMMA = YES;
				CLANG_WARN_CONSTANT_CONVERSION = YES;
				CLANG_WARN_DEPRECATED_OBJC_IMPLEMENTATIONS = YES;
				CLANG_WARN_DIRECT_OBJC_ISA_USAGE = YES_ERROR;
				CLANG_WARN_DOCUMENTATION_COMMENTS = YES;
				CLANG_WARN_EMPTY_BODY = YES;
				CLANG_WARN_ENUM_CONVERSION = YES;
				CLANG_WARN_INFINITE_RECURSION = YES;
				CLANG_WARN_INT_CONVERSION = YES;
				CLANG_WARN_NON_LITERAL_NULL_CONVERSION = YES;
				CLANG_WARN_OBJC_IMPLICIT_RETAIN_SELF = YES;
				CLANG_WARN_OBJC_LITERAL_CONVERSION = YES;
				CLANG_WARN_OBJC_ROOT_CLASS = YES_ERROR;
				CLANG_WARN_QUOTED_INCLUDE_IN_FRAMEWORK_HEADER = YES;
				CLANG_WARN_RANGE_LOOP_ANALYSIS = YES;
				CLANG_WARN_STRICT_PROTOTYPES = YES;
				CLANG_WARN_SUSPICIOUS_MOVE = YES;
				CLANG_WARN_UNGUARDED_AVAILABILITY = YES_AGGRESSIVE;
				CLANG_WARN_UNREACHABLE_CODE = YES;
				CLANG_WARN__DUPLICATE_METHOD_MATCH = YES;
				COPY_PHASE_STRIP = NO;
				DEBUG_INFORMATION_FORMAT = "dwarf-with-dsym";
				ENABLE_NS_ASSERTIONS = NO;
				ENABLE_STRICT_OBJC_MSGSEND = YES;
				ENABLE_USER_SCRIPT_SANDBOXING = YES;
				GCC_C_LANGUAGE_STANDARD = gnu17;
				GCC_NO_COMMON_BLOCKS = YES;
				GCC_WARN_64_TO_32_BIT_CONVERSION = YES;
				GCC_WARN_ABOUT_RETURN_TYPE = YES_ERROR;
				GCC_WARN_UNDECLARED_SELECTOR = YES;
				GCC_WARN_UNINITIALIZED_AUTOS = YES_AGGRESSIVE;
				GCC_WARN_UNUSED_FUNCTION = YES;
				GCC_WARN_UNUSED_VARIABLE = YES;
				IPHONEOS_DEPLOYMENT_TARGET = 18.0;
				LOCALIZATION_PREFERS_STRING_CATALOGS = YES;
				MTL_ENABLE_DEBUG_INFO = NO;
				MTL_FAST_MATH = YES;
				SDKROOT = iphoneos;
				SWIFT_COMPILATION_MODE = wholemodule;
				VALIDATE_PRODUCT = YES;
			};
			name = Release;
		};
		E637D9E42CC94D1E00B693ED /* Debug */ = {
			isa = XCBuildConfiguration;
			buildSettings = {
				ASSETCATALOG_COMPILER_APPICON_NAME = AppIcon;
				ASSETCATALOG_COMPILER_GLOBAL_ACCENT_COLOR_NAME = AccentColor;
				CODE_SIGN_STYLE = Automatic;
				CURRENT_PROJECT_VERSION = 1;
				DEVELOPMENT_ASSET_PATHS = "\"AcmeDigitalStore/Preview Content\"";
				DEVELOPMENT_TEAM = QYYB9FH2U5;
				ENABLE_PREVIEWS = YES;
				GENERATE_INFOPLIST_FILE = YES;
				INFOPLIST_FILE = AcmeDigitalStore/Info.plist;
				INFOPLIST_KEY_CFBundleDisplayName = "";
				INFOPLIST_KEY_LSApplicationCategoryType = "";
				INFOPLIST_KEY_NSLocationWhenInUseUsageDescription = "We use your location to provide personalized shopping recommendations.";
				INFOPLIST_KEY_NSUserTrackingUsageDescription = "This identifier will be used to deliver personalized shopping recommendations and improve your shopping experience.";
				INFOPLIST_KEY_UIApplicationSceneManifest_Generation = YES;
				INFOPLIST_KEY_UIApplicationSupportsIndirectInputEvents = YES;
				INFOPLIST_KEY_UILaunchScreen_Generation = YES;
				INFOPLIST_KEY_UISupportedInterfaceOrientations_iPad = "UIInterfaceOrientationPortrait UIInterfaceOrientationPortraitUpsideDown UIInterfaceOrientationLandscapeLeft UIInterfaceOrientationLandscapeRight";
				INFOPLIST_KEY_UISupportedInterfaceOrientations_iPhone = "UIInterfaceOrientationPortrait UIInterfaceOrientationLandscapeLeft UIInterfaceOrientationLandscapeRight";
				LD_RUNPATH_SEARCH_PATHS = (
					"$(inherited)",
					"@executable_path/Frameworks",
				);
				MARKETING_VERSION = 1.0;
				PRODUCT_BUNDLE_IDENTIFIER = com.acme.digital.store.AcmeDigitalStore;
				PRODUCT_NAME = "$(TARGET_NAME)";
				SWIFT_EMIT_LOC_STRINGS = YES;
				SWIFT_VERSION = 5.0;
				TARGETED_DEVICE_FAMILY = "1,2";
			};
			name = Debug;
		};
		E637D9E52CC94D1E00B693ED /* Release */ = {
			isa = XCBuildConfiguration;
			buildSettings = {
				ASSETCATALOG_COMPILER_APPICON_NAME = AppIcon;
				ASSETCATALOG_COMPILER_GLOBAL_ACCENT_COLOR_NAME = AccentColor;
				CODE_SIGN_STYLE = Automatic;
				CURRENT_PROJECT_VERSION = 1;
				DEVELOPMENT_ASSET_PATHS = "\"AcmeDigitalStore/Preview Content\"";
				DEVELOPMENT_TEAM = QYYB9FH2U5;
				ENABLE_PREVIEWS = YES;
				GENERATE_INFOPLIST_FILE = YES;
				INFOPLIST_FILE = AcmeDigitalStore/Info.plist;
				INFOPLIST_KEY_CFBundleDisplayName = "";
				INFOPLIST_KEY_LSApplicationCategoryType = "";
				INFOPLIST_KEY_NSLocationWhenInUseUsageDescription = "We use your location to provide personalized shopping recommendations.";
				INFOPLIST_KEY_NSUserTrackingUsageDescription = "This identifier will be used to deliver personalized shopping recommendations and improve your shopping experience.";
				INFOPLIST_KEY_UIApplicationSceneManifest_Generation = YES;
				INFOPLIST_KEY_UIApplicationSupportsIndirectInputEvents = YES;
				INFOPLIST_KEY_UILaunchScreen_Generation = YES;
				INFOPLIST_KEY_UISupportedInterfaceOrientations_iPad = "UIInterfaceOrientationPortrait UIInterfaceOrientationPortraitUpsideDown UIInterfaceOrientationLandscapeLeft UIInterfaceOrientationLandscapeRight";
				INFOPLIST_KEY_UISupportedInterfaceOrientations_iPhone = "UIInterfaceOrientationPortrait UIInterfaceOrientationLandscapeLeft UIInterfaceOrientationLandscapeRight";
				LD_RUNPATH_SEARCH_PATHS = (
					"$(inherited)",
					"@executable_path/Frameworks",
				);
				MARKETING_VERSION = 1.0;
				PRODUCT_BUNDLE_IDENTIFIER = com.acme.digital.store.AcmeDigitalStore;
				PRODUCT_NAME = "$(TARGET_NAME)";
				SWIFT_EMIT_LOC_STRINGS = YES;
				SWIFT_VERSION = 5.0;
				TARGETED_DEVICE_FAMILY = "1,2";
			};
			name = Release;
		};
		E637D9E72CC94D1E00B693ED /* Debug */ = {
			isa = XCBuildConfiguration;
			buildSettings = {
				BUNDLE_LOADER = "$(TEST_HOST)";
				CODE_SIGN_STYLE = Automatic;
				CURRENT_PROJECT_VERSION = 1;
				DEVELOPMENT_TEAM = QYYB9FH2U5;
				GENERATE_INFOPLIST_FILE = YES;
				IPHONEOS_DEPLOYMENT_TARGET = 18.0;
				MARKETING_VERSION = 1.0;
				PRODUCT_BUNDLE_IDENTIFIER = com.acme.digital.store.AcmeDigitalStoreTests;
				PRODUCT_NAME = "$(TARGET_NAME)";
				SWIFT_EMIT_LOC_STRINGS = NO;
				SWIFT_VERSION = 5.0;
				TARGETED_DEVICE_FAMILY = "1,2";
				TEST_HOST = "$(BUILT_PRODUCTS_DIR)/AcmeDigitalStore.app/$(BUNDLE_EXECUTABLE_FOLDER_PATH)/AcmeDigitalStore";
			};
			name = Debug;
		};
		E637D9E82CC94D1E00B693ED /* Release */ = {
			isa = XCBuildConfiguration;
			buildSettings = {
				BUNDLE_LOADER = "$(TEST_HOST)";
				CODE_SIGN_STYLE = Automatic;
				CURRENT_PROJECT_VERSION = 1;
				DEVELOPMENT_TEAM = QYYB9FH2U5;
				GENERATE_INFOPLIST_FILE = YES;
				IPHONEOS_DEPLOYMENT_TARGET = 18.0;
				MARKETING_VERSION = 1.0;
				PRODUCT_BUNDLE_IDENTIFIER = com.acme.digital.store.AcmeDigitalStoreTests;
				PRODUCT_NAME = "$(TARGET_NAME)";
				SWIFT_EMIT_LOC_STRINGS = NO;
				SWIFT_VERSION = 5.0;
				TARGETED_DEVICE_FAMILY = "1,2";
				TEST_HOST = "$(BUILT_PRODUCTS_DIR)/AcmeDigitalStore.app/$(BUNDLE_EXECUTABLE_FOLDER_PATH)/AcmeDigitalStore";
			};
			name = Release;
		};
		E637D9EA2CC94D1E00B693ED /* Debug */ = {
			isa = XCBuildConfiguration;
			buildSettings = {
				CODE_SIGN_STYLE = Automatic;
				CURRENT_PROJECT_VERSION = 1;
				DEVELOPMENT_TEAM = QYYB9FH2U5;
				GENERATE_INFOPLIST_FILE = YES;
				MARKETING_VERSION = 1.0;
				PRODUCT_BUNDLE_IDENTIFIER = com.acme.digital.store.AcmeDigitalStoreUITests;
				PRODUCT_NAME = "$(TARGET_NAME)";
				SWIFT_EMIT_LOC_STRINGS = NO;
				SWIFT_VERSION = 5.0;
				TARGETED_DEVICE_FAMILY = "1,2";
				TEST_TARGET_NAME = AcmeDigitalStore;
			};
			name = Debug;
		};
		E637D9EB2CC94D1E00B693ED /* Release */ = {
			isa = XCBuildConfiguration;
			buildSettings = {
				CODE_SIGN_STYLE = Automatic;
				CURRENT_PROJECT_VERSION = 1;
				DEVELOPMENT_TEAM = QYYB9FH2U5;
				GENERATE_INFOPLIST_FILE = YES;
				MARKETING_VERSION = 1.0;
				PRODUCT_BUNDLE_IDENTIFIER = com.acme.digital.store.AcmeDigitalStoreUITests;
				PRODUCT_NAME = "$(TARGET_NAME)";
				SWIFT_EMIT_LOC_STRINGS = NO;
				SWIFT_VERSION = 5.0;
				TARGETED_DEVICE_FAMILY = "1,2";
				TEST_TARGET_NAME = AcmeDigitalStore;
			};
			name = Release;
		};
/* End XCBuildConfiguration section */

/* Begin XCConfigurationList section */
		E637D9BA2CC94D1C00B693ED /* Build configuration list for PBXProject "AcmeDigitalStore" */ = {
			isa = XCConfigurationList;
			buildConfigurations = (
				E637D9E12CC94D1E00B693ED /* Debug */,
				E637D9E22CC94D1E00B693ED /* Release */,
			);
			defaultConfigurationIsVisible = 0;
			defaultConfigurationName = Release;
		};
		E637D9E32CC94D1E00B693ED /* Build configuration list for PBXNativeTarget "AcmeDigitalStore" */ = {
			isa = XCConfigurationList;
			buildConfigurations = (
				E637D9E42CC94D1E00B693ED /* Debug */,
				E637D9E52CC94D1E00B693ED /* Release */,
			);
			defaultConfigurationIsVisible = 0;
			defaultConfigurationName = Release;
		};
		E637D9E62CC94D1E00B693ED /* Build configuration list for PBXNativeTarget "AcmeDigitalStoreTests" */ = {
			isa = XCConfigurationList;
			buildConfigurations = (
				E637D9E72CC94D1E00B693ED /* Debug */,
				E637D9E82CC94D1E00B693ED /* Release */,
			);
			defaultConfigurationIsVisible = 0;
			defaultConfigurationName = Release;
		};
		E637D9E92CC94D1E00B693ED /* Build configuration list for PBXNativeTarget "AcmeDigitalStoreUITests" */ = {
			isa = XCConfigurationList;
			buildConfigurations = (
				E637D9EA2CC94D1E00B693ED /* Debug */,
				E637D9EB2CC94D1E00B693ED /* Release */,
			);
			defaultConfigurationIsVisible = 0;
			defaultConfigurationName = Release;
		};
/* End XCConfigurationList section */

/* Begin XCRemoteSwiftPackageReference section */
		E637DA2E2CC9F7A500B693ED /* XCRemoteSwiftPackageReference "sfmc-sdk-ios" */ = {
			isa = XCRemoteSwiftPackageReference;
			repositoryURL = "https://github.com/salesforce-marketingcloud/sfmc-sdk-ios";
			requirement = {
				kind = upToNextMajorVersion;
				minimumVersion = 1.0.2;
			};
		};
		E637DA2F2CC9F7CA00B693ED /* XCRemoteSwiftPackageReference "mobile-sdk-cdp-ios" */ = {
			isa = XCRemoteSwiftPackageReference;
			repositoryURL = "https://github.com/salesforce-marketingcloud/mobile-sdk-cdp-ios";
			requirement = {
				kind = upToNextMajorVersion;
				minimumVersion = 2.0.4;
			};
		};
/* End XCRemoteSwiftPackageReference section */

/* Begin XCSwiftPackageProductDependency section */
		E63CE4782CEAFBE800349FF6 /* Cdp */ = {
			isa = XCSwiftPackageProductDependency;
			package = E637DA2F2CC9F7CA00B693ED /* XCRemoteSwiftPackageReference "mobile-sdk-cdp-ios" */;
			productName = Cdp;
		};
		E63CE47A2CEAFBED00349FF6 /* SFMCSDK */ = {
			isa = XCSwiftPackageProductDependency;
			package = E637DA2E2CC9F7A500B693ED /* XCRemoteSwiftPackageReference "sfmc-sdk-ios" */;
			productName = SFMCSDK;
		};
/* End XCSwiftPackageProductDependency section */
	};
	rootObject = E637D9B72CC94D1C00B693ED /* Project object */;
}
